// !$*UTF8*$!
{
	archiveVersion = 1;
	classes = {
	};
	objectVersion = 55;
	objects = {

/* Begin PBXBuildFile section */
		7E0272912858CAFE005D5C11 /* BrastlewarkApp.swift in Sources */ = {isa = PBXBuildFile; fileRef = 7E0272902858CAFE005D5C11 /* BrastlewarkApp.swift */; };
		7E0272952858CAFF005D5C11 /* Assets.xcassets in Resources */ = {isa = PBXBuildFile; fileRef = 7E0272942858CAFF005D5C11 /* Assets.xcassets */; };
		7E0272982858CAFF005D5C11 /* Preview Assets.xcassets in Resources */ = {isa = PBXBuildFile; fileRef = 7E0272972858CAFF005D5C11 /* Preview Assets.xcassets */; };
		7E0272A22858CB00005D5C11 /* BrastlewarkTests.swift in Sources */ = {isa = PBXBuildFile; fileRef = 7E0272A12858CB00005D5C11 /* BrastlewarkTests.swift */; };
		7E0272AC2858CB00005D5C11 /* BrastlewarkUITests.swift in Sources */ = {isa = PBXBuildFile; fileRef = 7E0272AB2858CB00005D5C11 /* BrastlewarkUITests.swift */; };
		7E0272AE2858CB00005D5C11 /* BrastlewarkUITestsLaunchTests.swift in Sources */ = {isa = PBXBuildFile; fileRef = 7E0272AD2858CB00005D5C11 /* BrastlewarkUITestsLaunchTests.swift */; };
		7E0272BC2858CB61005D5C11 /* Brastlewark .swift in Sources */ = {isa = PBXBuildFile; fileRef = 7E0272BB2858CB61005D5C11 /* Brastlewark .swift */; };
		7E0272BF2859BF59005D5C11 /* GnomePopulationView.swift in Sources */ = {isa = PBXBuildFile; fileRef = 7E0272BE2859BF59005D5C11 /* GnomePopulationView.swift */; };
		7E0272C12859BFB4005D5C11 /* GnomePopulationViewModel.swift in Sources */ = {isa = PBXBuildFile; fileRef = 7E0272C02859BFB4005D5C11 /* GnomePopulationViewModel.swift */; };
		7E0272C4285A0BDB005D5C11 /* GnomeDetailView.swift in Sources */ = {isa = PBXBuildFile; fileRef = 7E0272C3285A0BDB005D5C11 /* GnomeDetailView.swift */; };
		7E0272C7285A1414005D5C11 /* ThumbnailImageView.swift in Sources */ = {isa = PBXBuildFile; fileRef = 7E0272C6285A1414005D5C11 /* ThumbnailImageView.swift */; };
		7E0272C9285A1753005D5C11 /* MockData.swift in Sources */ = {isa = PBXBuildFile; fileRef = 7E0272C8285A1753005D5C11 /* MockData.swift */; };
		7E0272CB285A1CD5005D5C11 /* SplashView.swift in Sources */ = {isa = PBXBuildFile; fileRef = 7E0272CA285A1CD5005D5C11 /* SplashView.swift */; };
		7E0272CD285A2437005D5C11 /* HomeView.swift in Sources */ = {isa = PBXBuildFile; fileRef = 7E0272CC285A2437005D5C11 /* HomeView.swift */; };
		7E0272D0285A3A9A005D5C11 /* GnomePopulationVellView.swift in Sources */ = {isa = PBXBuildFile; fileRef = 7E0272CF285A3A9A005D5C11 /* GnomePopulationVellView.swift */; };
		7E551034285A5CD10071FC8B /* CellViewLabels.swift in Sources */ = {isa = PBXBuildFile; fileRef = 7E551033285A5CD10071FC8B /* CellViewLabels.swift */; };
/* End PBXBuildFile section */

/* Begin PBXContainerItemProxy section */
		7E02729E2858CB00005D5C11 /* PBXContainerItemProxy */ = {
			isa = PBXContainerItemProxy;
			containerPortal = 7E0272852858CAFE005D5C11 /* Project object */;
			proxyType = 1;
			remoteGlobalIDString = 7E02728C2858CAFE005D5C11;
			remoteInfo = Brastlewark;
		};
		7E0272A82858CB00005D5C11 /* PBXContainerItemProxy */ = {
			isa = PBXContainerItemProxy;
			containerPortal = 7E0272852858CAFE005D5C11 /* Project object */;
			proxyType = 1;
			remoteGlobalIDString = 7E02728C2858CAFE005D5C11;
			remoteInfo = Brastlewark;
		};
/* End PBXContainerItemProxy section */

/* Begin PBXFileReference section */
		7E02728D2858CAFE005D5C11 /* Brastlewark.app */ = {isa = PBXFileReference; explicitFileType = wrapper.application; includeInIndex = 0; path = Brastlewark.app; sourceTree = BUILT_PRODUCTS_DIR; };
		7E0272902858CAFE005D5C11 /* BrastlewarkApp.swift */ = {isa = PBXFileReference; lastKnownFileType = sourcecode.swift; path = BrastlewarkApp.swift; sourceTree = "<group>"; };
		7E0272942858CAFF005D5C11 /* Assets.xcassets */ = {isa = PBXFileReference; lastKnownFileType = folder.assetcatalog; path = Assets.xcassets; sourceTree = "<group>"; };
		7E0272972858CAFF005D5C11 /* Preview Assets.xcassets */ = {isa = PBXFileReference; lastKnownFileType = folder.assetcatalog; path = "Preview Assets.xcassets"; sourceTree = "<group>"; };
		7E02729D2858CB00005D5C11 /* BrastlewarkTests.xctest */ = {isa = PBXFileReference; explicitFileType = wrapper.cfbundle; includeInIndex = 0; path = BrastlewarkTests.xctest; sourceTree = BUILT_PRODUCTS_DIR; };
		7E0272A12858CB00005D5C11 /* BrastlewarkTests.swift */ = {isa = PBXFileReference; lastKnownFileType = sourcecode.swift; path = BrastlewarkTests.swift; sourceTree = "<group>"; };
		7E0272A72858CB00005D5C11 /* BrastlewarkUITests.xctest */ = {isa = PBXFileReference; explicitFileType = wrapper.cfbundle; includeInIndex = 0; path = BrastlewarkUITests.xctest; sourceTree = BUILT_PRODUCTS_DIR; };
		7E0272AB2858CB00005D5C11 /* BrastlewarkUITests.swift */ = {isa = PBXFileReference; lastKnownFileType = sourcecode.swift; path = BrastlewarkUITests.swift; sourceTree = "<group>"; };
		7E0272AD2858CB00005D5C11 /* BrastlewarkUITestsLaunchTests.swift */ = {isa = PBXFileReference; lastKnownFileType = sourcecode.swift; path = BrastlewarkUITestsLaunchTests.swift; sourceTree = "<group>"; };
		7E0272BB2858CB61005D5C11 /* Brastlewark .swift */ = {isa = PBXFileReference; lastKnownFileType = sourcecode.swift; path = "Brastlewark .swift"; sourceTree = "<group>"; };
		7E0272BE2859BF59005D5C11 /* GnomePopulationView.swift */ = {isa = PBXFileReference; lastKnownFileType = sourcecode.swift; path = GnomePopulationView.swift; sourceTree = "<group>"; };
		7E0272C02859BFB4005D5C11 /* GnomePopulationViewModel.swift */ = {isa = PBXFileReference; lastKnownFileType = sourcecode.swift; path = GnomePopulationViewModel.swift; sourceTree = "<group>"; };
		7E0272C22859FB3B005D5C11 /* Info.plist */ = {isa = PBXFileReference; lastKnownFileType = text.plist; path = Info.plist; sourceTree = "<group>"; };
		7E0272C3285A0BDB005D5C11 /* GnomeDetailView.swift */ = {isa = PBXFileReference; lastKnownFileType = sourcecode.swift; path = GnomeDetailView.swift; sourceTree = "<group>"; };
		7E0272C6285A1414005D5C11 /* ThumbnailImageView.swift */ = {isa = PBXFileReference; lastKnownFileType = sourcecode.swift; path = ThumbnailImageView.swift; sourceTree = "<group>"; };
		7E0272C8285A1753005D5C11 /* MockData.swift */ = {isa = PBXFileReference; lastKnownFileType = sourcecode.swift; path = MockData.swift; sourceTree = "<group>"; };
		7E0272CA285A1CD5005D5C11 /* SplashView.swift */ = {isa = PBXFileReference; lastKnownFileType = sourcecode.swift; path = SplashView.swift; sourceTree = "<group>"; };
		7E0272CC285A2437005D5C11 /* HomeView.swift */ = {isa = PBXFileReference; lastKnownFileType = sourcecode.swift; path = HomeView.swift; sourceTree = "<group>"; };
		7E0272CF285A3A9A005D5C11 /* GnomePopulationVellView.swift */ = {isa = PBXFileReference; lastKnownFileType = sourcecode.swift; path = GnomePopulationVellView.swift; sourceTree = "<group>"; };
		7E551033285A5CD10071FC8B /* CellViewLabels.swift */ = {isa = PBXFileReference; lastKnownFileType = sourcecode.swift; path = CellViewLabels.swift; sourceTree = "<group>"; };
/* End PBXFileReference section */

/* Begin PBXFrameworksBuildPhase section */
		7E02728A2858CAFE005D5C11 /* Frameworks */ = {
			isa = PBXFrameworksBuildPhase;
			buildActionMask = 2147483647;
			files = (
			);
			runOnlyForDeploymentPostprocessing = 0;
		};
		7E02729A2858CB00005D5C11 /* Frameworks */ = {
			isa = PBXFrameworksBuildPhase;
			buildActionMask = 2147483647;
			files = (
			);
			runOnlyForDeploymentPostprocessing = 0;
		};
		7E0272A42858CB00005D5C11 /* Frameworks */ = {
			isa = PBXFrameworksBuildPhase;
			buildActionMask = 2147483647;
			files = (
			);
			runOnlyForDeploymentPostprocessing = 0;
		};
/* End PBXFrameworksBuildPhase section */

/* Begin PBXGroup section */
		7E0272842858CAFE005D5C11 = {
			isa = PBXGroup;
			children = (
				7E02728F2858CAFE005D5C11 /* Brastlewark */,
				7E0272A02858CB00005D5C11 /* BrastlewarkTests */,
				7E0272AA2858CB00005D5C11 /* BrastlewarkUITests */,
				7E02728E2858CAFE005D5C11 /* Products */,
			);
			sourceTree = "<group>";
		};
		7E02728E2858CAFE005D5C11 /* Products */ = {
			isa = PBXGroup;
			children = (
				7E02728D2858CAFE005D5C11 /* Brastlewark.app */,
				7E02729D2858CB00005D5C11 /* BrastlewarkTests.xctest */,
				7E0272A72858CB00005D5C11 /* BrastlewarkUITests.xctest */,
			);
			name = Products;
			sourceTree = "<group>";
		};
		7E02728F2858CAFE005D5C11 /* Brastlewark */ = {
			isa = PBXGroup;
			children = (
				7E0272C22859FB3B005D5C11 /* Info.plist */,
				7E0272902858CAFE005D5C11 /* BrastlewarkApp.swift */,
				7E0272C5285A0D93005D5C11 /* Utilities */,
				7E0272BD2859BF41005D5C11 /* Screen */,
				7E0272BA2858CB48005D5C11 /* Model */,
				7E0272942858CAFF005D5C11 /* Assets.xcassets */,
				7E0272962858CAFF005D5C11 /* Preview Content */,
			);
			path = Brastlewark;
			sourceTree = "<group>";
		};
		7E0272962858CAFF005D5C11 /* Preview Content */ = {
			isa = PBXGroup;
			children = (
				7E0272972858CAFF005D5C11 /* Preview Assets.xcassets */,
			);
			path = "Preview Content";
			sourceTree = "<group>";
		};
		7E0272A02858CB00005D5C11 /* BrastlewarkTests */ = {
			isa = PBXGroup;
			children = (
				7E0272A12858CB00005D5C11 /* BrastlewarkTests.swift */,
			);
			path = BrastlewarkTests;
			sourceTree = "<group>";
		};
		7E0272AA2858CB00005D5C11 /* BrastlewarkUITests */ = {
			isa = PBXGroup;
			children = (
				7E0272AB2858CB00005D5C11 /* BrastlewarkUITests.swift */,
				7E0272AD2858CB00005D5C11 /* BrastlewarkUITestsLaunchTests.swift */,
			);
			path = BrastlewarkUITests;
			sourceTree = "<group>";
		};
		7E0272BA2858CB48005D5C11 /* Model */ = {
			isa = PBXGroup;
			children = (
				7E0272BB2858CB61005D5C11 /* Brastlewark .swift */,
				7E0272C8285A1753005D5C11 /* MockData.swift */,
			);
			path = Model;
			sourceTree = "<group>";
		};
		7E0272BD2859BF41005D5C11 /* Screen */ = {
			isa = PBXGroup;
			children = (
				7E551035285A5D050071FC8B /* Home */,
				7E551036285A5D220071FC8B /* Detail */,
			);
			path = Screen;
			sourceTree = "<group>";
		};
		7E0272C5285A0D93005D5C11 /* Utilities */ = {
			isa = PBXGroup;
			children = (
			);
			path = Utilities;
			sourceTree = "<group>";
		};
		7E551035285A5D050071FC8B /* Home */ = {
			isa = PBXGroup;
			children = (
				7E0272CC285A2437005D5C11 /* HomeView.swift */,
				7E551038285A5D820071FC8B /* Components */,
				7E551037285A5D390071FC8B /* Tableview */,
			);
			path = Home;
			sourceTree = "<group>";
		};
		7E551036285A5D220071FC8B /* Detail */ = {
			isa = PBXGroup;
			children = (
				7E0272C3285A0BDB005D5C11 /* GnomeDetailView.swift */,
			);
			path = Detail;
			sourceTree = "<group>";
		};
		7E551037285A5D390071FC8B /* Tableview */ = {
			isa = PBXGroup;
			children = (
				7E0272C02859BFB4005D5C11 /* GnomePopulationViewModel.swift */,
				7E0272BE2859BF59005D5C11 /* GnomePopulationView.swift */,
			);
			path = Tableview;
			sourceTree = "<group>";
		};
		7E551038285A5D820071FC8B /* Components */ = {
			isa = PBXGroup;
			children = (
				7E0272CF285A3A9A005D5C11 /* GnomePopulationVellView.swift */,
				7E0272C6285A1414005D5C11 /* ThumbnailImageView.swift */,
				7E0272CA285A1CD5005D5C11 /* SplashView.swift */,
				7E551033285A5CD10071FC8B /* CellViewLabels.swift */,
			);
			path = Components;
			sourceTree = "<group>";
		};
/* End PBXGroup section */

/* Begin PBXNativeTarget section */
		7E02728C2858CAFE005D5C11 /* Brastlewark */ = {
			isa = PBXNativeTarget;
			buildConfigurationList = 7E0272B12858CB00005D5C11 /* Build configuration list for PBXNativeTarget "Brastlewark" */;
			buildPhases = (
				7E0272892858CAFE005D5C11 /* Sources */,
				7E02728A2858CAFE005D5C11 /* Frameworks */,
				7E02728B2858CAFE005D5C11 /* Resources */,
			);
			buildRules = (
			);
			dependencies = (
			);
			name = Brastlewark;
			productName = Brastlewark;
			productReference = 7E02728D2858CAFE005D5C11 /* Brastlewark.app */;
			productType = "com.apple.product-type.application";
		};
		7E02729C2858CB00005D5C11 /* BrastlewarkTests */ = {
			isa = PBXNativeTarget;
			buildConfigurationList = 7E0272B42858CB00005D5C11 /* Build configuration list for PBXNativeTarget "BrastlewarkTests" */;
			buildPhases = (
				7E0272992858CB00005D5C11 /* Sources */,
				7E02729A2858CB00005D5C11 /* Frameworks */,
				7E02729B2858CB00005D5C11 /* Resources */,
			);
			buildRules = (
			);
			dependencies = (
				7E02729F2858CB00005D5C11 /* PBXTargetDependency */,
			);
			name = BrastlewarkTests;
			productName = BrastlewarkTests;
			productReference = 7E02729D2858CB00005D5C11 /* BrastlewarkTests.xctest */;
			productType = "com.apple.product-type.bundle.unit-test";
		};
		7E0272A62858CB00005D5C11 /* BrastlewarkUITests */ = {
			isa = PBXNativeTarget;
			buildConfigurationList = 7E0272B72858CB00005D5C11 /* Build configuration list for PBXNativeTarget "BrastlewarkUITests" */;
			buildPhases = (
				7E0272A32858CB00005D5C11 /* Sources */,
				7E0272A42858CB00005D5C11 /* Frameworks */,
				7E0272A52858CB00005D5C11 /* Resources */,
			);
			buildRules = (
			);
			dependencies = (
				7E0272A92858CB00005D5C11 /* PBXTargetDependency */,
			);
			name = BrastlewarkUITests;
			productName = BrastlewarkUITests;
			productReference = 7E0272A72858CB00005D5C11 /* BrastlewarkUITests.xctest */;
			productType = "com.apple.product-type.bundle.ui-testing";
		};
/* End PBXNativeTarget section */

/* Begin PBXProject section */
		7E0272852858CAFE005D5C11 /* Project object */ = {
			isa = PBXProject;
			attributes = {
				BuildIndependentTargetsInParallel = 1;
				LastSwiftUpdateCheck = 1340;
				LastUpgradeCheck = 1340;
				TargetAttributes = {
					7E02728C2858CAFE005D5C11 = {
						CreatedOnToolsVersion = 13.4.1;
					};
					7E02729C2858CB00005D5C11 = {
						CreatedOnToolsVersion = 13.4.1;
						TestTargetID = 7E02728C2858CAFE005D5C11;
					};
					7E0272A62858CB00005D5C11 = {
						CreatedOnToolsVersion = 13.4.1;
						TestTargetID = 7E02728C2858CAFE005D5C11;
					};
				};
			};
			buildConfigurationList = 7E0272882858CAFE005D5C11 /* Build configuration list for PBXProject "Brastlewark" */;
			compatibilityVersion = "Xcode 13.0";
			developmentRegion = en;
			hasScannedForEncodings = 0;
			knownRegions = (
				en,
				Base,
			);
			mainGroup = 7E0272842858CAFE005D5C11;
			productRefGroup = 7E02728E2858CAFE005D5C11 /* Products */;
			projectDirPath = "";
			projectRoot = "";
			targets = (
				7E02728C2858CAFE005D5C11 /* Brastlewark */,
				7E02729C2858CB00005D5C11 /* BrastlewarkTests */,
				7E0272A62858CB00005D5C11 /* BrastlewarkUITests */,
			);
		};
/* End PBXProject section */

/* Begin PBXResourcesBuildPhase section */
		7E02728B2858CAFE005D5C11 /* Resources */ = {
			isa = PBXResourcesBuildPhase;
			buildActionMask = 2147483647;
			files = (
				7E0272982858CAFF005D5C11 /* Preview Assets.xcassets in Resources */,
				7E0272952858CAFF005D5C11 /* Assets.xcassets in Resources */,
			);
			runOnlyForDeploymentPostprocessing = 0;
		};
		7E02729B2858CB00005D5C11 /* Resources */ = {
			isa = PBXResourcesBuildPhase;
			buildActionMask = 2147483647;
			files = (
			);
			runOnlyForDeploymentPostprocessing = 0;
		};
		7E0272A52858CB00005D5C11 /* Resources */ = {
			isa = PBXResourcesBuildPhase;
			buildActionMask = 2147483647;
			files = (
			);
			runOnlyForDeploymentPostprocessing = 0;
		};
/* End PBXResourcesBuildPhase section */

/* Begin PBXSourcesBuildPhase section */
		7E0272892858CAFE005D5C11 /* Sources */ = {
			isa = PBXSourcesBuildPhase;
			buildActionMask = 2147483647;
			files = (
				7E0272CD285A2437005D5C11 /* HomeView.swift in Sources */,
				7E0272CB285A1CD5005D5C11 /* SplashView.swift in Sources */,
				7E0272BF2859BF59005D5C11 /* GnomePopulationView.swift in Sources */,
				7E0272D0285A3A9A005D5C11 /* GnomePopulationVellView.swift in Sources */,
				7E0272912858CAFE005D5C11 /* BrastlewarkApp.swift in Sources */,
				7E0272C4285A0BDB005D5C11 /* GnomeDetailView.swift in Sources */,
				7E0272C7285A1414005D5C11 /* ThumbnailImageView.swift in Sources */,
				7E0272C12859BFB4005D5C11 /* GnomePopulationViewModel.swift in Sources */,
				7E0272C9285A1753005D5C11 /* MockData.swift in Sources */,
				7E551034285A5CD10071FC8B /* CellViewLabels.swift in Sources */,
				7E0272BC2858CB61005D5C11 /* Brastlewark .swift in Sources */,
			);
			runOnlyForDeploymentPostprocessing = 0;
		};
		7E0272992858CB00005D5C11 /* Sources */ = {
			isa = PBXSourcesBuildPhase;
			buildActionMask = 2147483647;
			files = (
				7E0272A22858CB00005D5C11 /* BrastlewarkTests.swift in Sources */,
			);
			runOnlyForDeploymentPostprocessing = 0;
		};
		7E0272A32858CB00005D5C11 /* Sources */ = {
			isa = PBXSourcesBuildPhase;
			buildActionMask = 2147483647;
			files = (
				7E0272AC2858CB00005D5C11 /* BrastlewarkUITests.swift in Sources */,
				7E0272AE2858CB00005D5C11 /* BrastlewarkUITestsLaunchTests.swift in Sources */,
			);
			runOnlyForDeploymentPostprocessing = 0;
		};
/* End PBXSourcesBuildPhase section */

/* Begin PBXTargetDependency section */
		7E02729F2858CB00005D5C11 /* PBXTargetDependency */ = {
			isa = PBXTargetDependency;
			target = 7E02728C2858CAFE005D5C11 /* Brastlewark */;
			targetProxy = 7E02729E2858CB00005D5C11 /* PBXContainerItemProxy */;
		};
		7E0272A92858CB00005D5C11 /* PBXTargetDependency */ = {
			isa = PBXTargetDependency;
			target = 7E02728C2858CAFE005D5C11 /* Brastlewark */;
			targetProxy = 7E0272A82858CB00005D5C11 /* PBXContainerItemProxy */;
		};
/* End PBXTargetDependency section */

/* Begin XCBuildConfiguration section */
		7E0272AF2858CB00005D5C11 /* Debug */ = {
			isa = XCBuildConfiguration;
			buildSettings = {
				ALWAYS_SEARCH_USER_PATHS = NO;
				CLANG_ANALYZER_NONNULL = YES;
				CLANG_ANALYZER_NUMBER_OBJECT_CONVERSION = YES_AGGRESSIVE;
				CLANG_CXX_LANGUAGE_STANDARD = "gnu++17";
				CLANG_ENABLE_MODULES = YES;
				CLANG_ENABLE_OBJC_ARC = YES;
				CLANG_ENABLE_OBJC_WEAK = YES;
				CLANG_WARN_BLOCK_CAPTURE_AUTORELEASING = YES;
				CLANG_WARN_BOOL_CONVERSION = YES;
				CLANG_WARN_COMMA = YES;
				CLANG_WARN_CONSTANT_CONVERSION = YES;
				CLANG_WARN_DEPRECATED_OBJC_IMPLEMENTATIONS = YES;
				CLANG_WARN_DIRECT_OBJC_ISA_USAGE = YES_ERROR;
				CLANG_WARN_DOCUMENTATION_COMMENTS = YES;
				CLANG_WARN_EMPTY_BODY = YES;
				CLANG_WARN_ENUM_CONVERSION = YES;
				CLANG_WARN_INFINITE_RECURSION = YES;
				CLANG_WARN_INT_CONVERSION = YES;
				CLANG_WARN_NON_LITERAL_NULL_CONVERSION = YES;
				CLANG_WARN_OBJC_IMPLICIT_RETAIN_SELF = YES;
				CLANG_WARN_OBJC_LITERAL_CONVERSION = YES;
				CLANG_WARN_OBJC_ROOT_CLASS = YES_ERROR;
				CLANG_WARN_QUOTED_INCLUDE_IN_FRAMEWORK_HEADER = YES;
				CLANG_WARN_RANGE_LOOP_ANALYSIS = YES;
				CLANG_WARN_STRICT_PROTOTYPES = YES;
				CLANG_WARN_SUSPICIOUS_MOVE = YES;
				CLANG_WARN_UNGUARDED_AVAILABILITY = YES_AGGRESSIVE;
				CLANG_WARN_UNREACHABLE_CODE = YES;
				CLANG_WARN__DUPLICATE_METHOD_MATCH = YES;
				COPY_PHASE_STRIP = NO;
				DEBUG_INFORMATION_FORMAT = dwarf;
				ENABLE_STRICT_OBJC_MSGSEND = YES;
				ENABLE_TESTABILITY = YES;
				GCC_C_LANGUAGE_STANDARD = gnu11;
				GCC_DYNAMIC_NO_PIC = NO;
				GCC_NO_COMMON_BLOCKS = YES;
				GCC_OPTIMIZATION_LEVEL = 0;
				GCC_PREPROCESSOR_DEFINITIONS = (
					"DEBUG=1",
					"$(inherited)",
				);
				GCC_WARN_64_TO_32_BIT_CONVERSION = YES;
				GCC_WARN_ABOUT_RETURN_TYPE = YES_ERROR;
				GCC_WARN_UNDECLARED_SELECTOR = YES;
				GCC_WARN_UNINITIALIZED_AUTOS = YES_AGGRESSIVE;
				GCC_WARN_UNUSED_FUNCTION = YES;
				GCC_WARN_UNUSED_VARIABLE = YES;
				IPHONEOS_DEPLOYMENT_TARGET = 15.5;
				MTL_ENABLE_DEBUG_INFO = INCLUDE_SOURCE;
				MTL_FAST_MATH = YES;
				ONLY_ACTIVE_ARCH = YES;
				SDKROOT = iphoneos;
				SWIFT_ACTIVE_COMPILATION_CONDITIONS = DEBUG;
				SWIFT_OPTIMIZATION_LEVEL = "-Onone";
			};
			name = Debug;
		};
		7E0272B02858CB00005D5C11 /* Release */ = {
			isa = XCBuildConfiguration;
			buildSettings = {
				ALWAYS_SEARCH_USER_PATHS = NO;
				CLANG_ANALYZER_NONNULL = YES;
				CLANG_ANALYZER_NUMBER_OBJECT_CONVERSION = YES_AGGRESSIVE;
				CLANG_CXX_LANGUAGE_STANDARD = "gnu++17";
				CLANG_ENABLE_MODULES = YES;
				CLANG_ENABLE_OBJC_ARC = YES;
				CLANG_ENABLE_OBJC_WEAK = YES;
				CLANG_WARN_BLOCK_CAPTURE_AUTORELEASING = YES;
				CLANG_WARN_BOOL_CONVERSION = YES;
				CLANG_WARN_COMMA = YES;
				CLANG_WARN_CONSTANT_CONVERSION = YES;
				CLANG_WARN_DEPRECATED_OBJC_IMPLEMENTATIONS = YES;
				CLANG_WARN_DIRECT_OBJC_ISA_USAGE = YES_ERROR;
				CLANG_WARN_DOCUMENTATION_COMMENTS = YES;
				CLANG_WARN_EMPTY_BODY = YES;
				CLANG_WARN_ENUM_CONVERSION = YES;
				CLANG_WARN_INFINITE_RECURSION = YES;
				CLANG_WARN_INT_CONVERSION = YES;
				CLANG_WARN_NON_LITERAL_NULL_CONVERSION = YES;
				CLANG_WARN_OBJC_IMPLICIT_RETAIN_SELF = YES;
				CLANG_WARN_OBJC_LITERAL_CONVERSION = YES;
				CLANG_WARN_OBJC_ROOT_CLASS = YES_ERROR;
				CLANG_WARN_QUOTED_INCLUDE_IN_FRAMEWORK_HEADER = YES;
				CLANG_WARN_RANGE_LOOP_ANALYSIS = YES;
				CLANG_WARN_STRICT_PROTOTYPES = YES;
				CLANG_WARN_SUSPICIOUS_MOVE = YES;
				CLANG_WARN_UNGUARDED_AVAILABILITY = YES_AGGRESSIVE;
				CLANG_WARN_UNREACHABLE_CODE = YES;
				CLANG_WARN__DUPLICATE_METHOD_MATCH = YES;
				COPY_PHASE_STRIP = NO;
				DEBUG_INFORMATION_FORMAT = "dwarf-with-dsym";
				ENABLE_NS_ASSERTIONS = NO;
				ENABLE_STRICT_OBJC_MSGSEND = YES;
				GCC_C_LANGUAGE_STANDARD = gnu11;
				GCC_NO_COMMON_BLOCKS = YES;
				GCC_WARN_64_TO_32_BIT_CONVERSION = YES;
				GCC_WARN_ABOUT_RETURN_TYPE = YES_ERROR;
				GCC_WARN_UNDECLARED_SELECTOR = YES;
				GCC_WARN_UNINITIALIZED_AUTOS = YES_AGGRESSIVE;
				GCC_WARN_UNUSED_FUNCTION = YES;
				GCC_WARN_UNUSED_VARIABLE = YES;
				IPHONEOS_DEPLOYMENT_TARGET = 15.5;
				MTL_ENABLE_DEBUG_INFO = NO;
				MTL_FAST_MATH = YES;
				SDKROOT = iphoneos;
				SWIFT_COMPILATION_MODE = wholemodule;
				SWIFT_OPTIMIZATION_LEVEL = "-O";
				VALIDATE_PRODUCT = YES;
			};
			name = Release;
		};
		7E0272B22858CB00005D5C11 /* Debug */ = {
			isa = XCBuildConfiguration;
			buildSettings = {
				ASSETCATALOG_COMPILER_APPICON_NAME = AppIcon;
				ASSETCATALOG_COMPILER_GLOBAL_ACCENT_COLOR_NAME = AccentColor;
				CODE_SIGN_STYLE = Automatic;
				CURRENT_PROJECT_VERSION = 1;
				DEVELOPMENT_ASSET_PATHS = "\"Brastlewark/Preview Content\"";
				DEVELOPMENT_TEAM = PFHW82DY7M;
				ENABLE_PREVIEWS = YES;
				GENERATE_INFOPLIST_FILE = YES;
				INFOPLIST_FILE = Brastlewark/Info.plist;
				INFOPLIST_KEY_UIApplicationSceneManifest_Generation = YES;
				INFOPLIST_KEY_UIApplicationSupportsIndirectInputEvents = YES;
				INFOPLIST_KEY_UILaunchScreen_Generation = YES;
				INFOPLIST_KEY_UISupportedInterfaceOrientations = UIInterfaceOrientationPortrait;
				INFOPLIST_KEY_UISupportedInterfaceOrientations_iPad = "UIInterfaceOrientationPortrait UIInterfaceOrientationPortraitUpsideDown UIInterfaceOrientationLandscapeLeft UIInterfaceOrientationLandscapeRight";
				INFOPLIST_KEY_UISupportedInterfaceOrientations_iPhone = "UIInterfaceOrientationPortrait UIInterfaceOrientationLandscapeLeft UIInterfaceOrientationLandscapeRight";
				LD_RUNPATH_SEARCH_PATHS = (
					"$(inherited)",
					"@executable_path/Frameworks",
				);
				MARKETING_VERSION = 1.0;
				PRODUCT_BUNDLE_IDENTIFIER = com.csk.Brastlewark;
				PRODUCT_NAME = "$(TARGET_NAME)";
				SWIFT_EMIT_LOC_STRINGS = YES;
				SWIFT_VERSION = 5.0;
				TARGETED_DEVICE_FAMILY = 1;
			};
			name = Debug;
		};
		7E0272B32858CB00005D5C11 /* Release */ = {
			isa = XCBuildConfiguration;
			buildSettings = {
				ASSETCATALOG_COMPILER_APPICON_NAME = AppIcon;
				ASSETCATALOG_COMPILER_GLOBAL_ACCENT_COLOR_NAME = AccentColor;
				CODE_SIGN_STYLE = Automatic;
				CURRENT_PROJECT_VERSION = 1;
				DEVELOPMENT_ASSET_PATHS = "\"Brastlewark/Preview Content\"";
				DEVELOPMENT_TEAM = PFHW82DY7M;
				ENABLE_PREVIEWS = YES;
				GENERATE_INFOPLIST_FILE = YES;
				INFOPLIST_FILE = Brastlewark/Info.plist;
				INFOPLIST_KEY_UIApplicationSceneManifest_Generation = YES;
				INFOPLIST_KEY_UIApplicationSupportsIndirectInputEvents = YES;
				INFOPLIST_KEY_UILaunchScreen_Generation = YES;
				INFOPLIST_KEY_UISupportedInterfaceOrientations = UIInterfaceOrientationPortrait;
				INFOPLIST_KEY_UISupportedInterfaceOrientations_iPad = "UIInterfaceOrientationPortrait UIInterfaceOrientationPortraitUpsideDown UIInterfaceOrientationLandscapeLeft UIInterfaceOrientationLandscapeRight";
				INFOPLIST_KEY_UISupportedInterfaceOrientations_iPhone = "UIInterfaceOrientationPortrait UIInterfaceOrientationLandscapeLeft UIInterfaceOrientationLandscapeRight";
				LD_RUNPATH_SEARCH_PATHS = (
					"$(inherited)",
					"@executable_path/Frameworks",
				);
				MARKETING_VERSION = 1.0;
				PRODUCT_BUNDLE_IDENTIFIER = com.csk.Brastlewark;
				PRODUCT_NAME = "$(TARGET_NAME)";
				SWIFT_EMIT_LOC_STRINGS = YES;
				SWIFT_VERSION = 5.0;
				TARGETED_DEVICE_FAMILY = 1;
			};
			name = Release;
		};
		7E0272B52858CB00005D5C11 /* Debug */ = {
			isa = XCBuildConfiguration;
			buildSettings = {
				ALWAYS_EMBED_SWIFT_STANDARD_LIBRARIES = YES;
				BUNDLE_LOADER = "$(TEST_HOST)";
				CODE_SIGN_STYLE = Automatic;
				CURRENT_PROJECT_VERSION = 1;
				DEVELOPMENT_TEAM = PFHW82DY7M;
				GENERATE_INFOPLIST_FILE = YES;
				IPHONEOS_DEPLOYMENT_TARGET = 15.5;
				MARKETING_VERSION = 1.0;
				PRODUCT_BUNDLE_IDENTIFIER = com.csk.BrastlewarkTests;
				PRODUCT_NAME = "$(TARGET_NAME)";
				SWIFT_EMIT_LOC_STRINGS = NO;
				SWIFT_VERSION = 5.0;
				TARGETED_DEVICE_FAMILY = "1,2";
				TEST_HOST = "$(BUILT_PRODUCTS_DIR)/Brastlewark.app/Brastlewark";
			};
			name = Debug;
		};
		7E0272B62858CB00005D5C11 /* Release */ = {
			isa = XCBuildConfiguration;
			buildSettings = {
				ALWAYS_EMBED_SWIFT_STANDARD_LIBRARIES = YES;
				BUNDLE_LOADER = "$(TEST_HOST)";
				CODE_SIGN_STYLE = Automatic;
				CURRENT_PROJECT_VERSION = 1;
				DEVELOPMENT_TEAM = PFHW82DY7M;
				GENERATE_INFOPLIST_FILE = YES;
				IPHONEOS_DEPLOYMENT_TARGET = 15.5;
				MARKETING_VERSION = 1.0;
				PRODUCT_BUNDLE_IDENTIFIER = com.csk.BrastlewarkTests;
				PRODUCT_NAME = "$(TARGET_NAME)";
				SWIFT_EMIT_LOC_STRINGS = NO;
				SWIFT_VERSION = 5.0;
				TARGETED_DEVICE_FAMILY = "1,2";
				TEST_HOST = "$(BUILT_PRODUCTS_DIR)/Brastlewark.app/Brastlewark";
			};
			name = Release;
		};
		7E0272B82858CB00005D5C11 /* Debug */ = {
			isa = XCBuildConfiguration;
			buildSettings = {
				ALWAYS_EMBED_SWIFT_STANDARD_LIBRARIES = YES;
				CODE_SIGN_STYLE = Automatic;
				CURRENT_PROJECT_VERSION = 1;
				DEVELOPMENT_TEAM = PFHW82DY7M;
				GENERATE_INFOPLIST_FILE = YES;
				MARKETING_VERSION = 1.0;
				PRODUCT_BUNDLE_IDENTIFIER = com.csk.BrastlewarkUITests;
				PRODUCT_NAME = "$(TARGET_NAME)";
				SWIFT_EMIT_LOC_STRINGS = NO;
				SWIFT_VERSION = 5.0;
				TARGETED_DEVICE_FAMILY = "1,2";
				TEST_TARGET_NAME = Brastlewark;
			};
			name = Debug;
		};
		7E0272B92858CB00005D5C11 /* Release */ = {
			isa = XCBuildConfiguration;
			buildSettings = {
				ALWAYS_EMBED_SWIFT_STANDARD_LIBRARIES = YES;
				CODE_SIGN_STYLE = Automatic;
				CURRENT_PROJECT_VERSION = 1;
				DEVELOPMENT_TEAM = PFHW82DY7M;
				GENERATE_INFOPLIST_FILE = YES;
				MARKETING_VERSION = 1.0;
				PRODUCT_BUNDLE_IDENTIFIER = com.csk.BrastlewarkUITests;
				PRODUCT_NAME = "$(TARGET_NAME)";
				SWIFT_EMIT_LOC_STRINGS = NO;
				SWIFT_VERSION = 5.0;
				TARGETED_DEVICE_FAMILY = "1,2";
				TEST_TARGET_NAME = Brastlewark;
			};
			name = Release;
		};
/* End XCBuildConfiguration section */

/* Begin XCConfigurationList section */
		7E0272882858CAFE005D5C11 /* Build configuration list for PBXProject "Brastlewark" */ = {
			isa = XCConfigurationList;
			buildConfigurations = (
				7E0272AF2858CB00005D5C11 /* Debug */,
				7E0272B02858CB00005D5C11 /* Release */,
			);
			defaultConfigurationIsVisible = 0;
			defaultConfigurationName = Release;
		};
		7E0272B12858CB00005D5C11 /* Build configuration list for PBXNativeTarget "Brastlewark" */ = {
			isa = XCConfigurationList;
			buildConfigurations = (
				7E0272B22858CB00005D5C11 /* Debug */,
				7E0272B32858CB00005D5C11 /* Release */,
			);
			defaultConfigurationIsVisible = 0;
			defaultConfigurationName = Release;
		};
		7E0272B42858CB00005D5C11 /* Build configuration list for PBXNativeTarget "BrastlewarkTests" */ = {
			isa = XCConfigurationList;
			buildConfigurations = (
				7E0272B52858CB00005D5C11 /* Debug */,
				7E0272B62858CB00005D5C11 /* Release */,
			);
			defaultConfigurationIsVisible = 0;
			defaultConfigurationName = Release;
		};
		7E0272B72858CB00005D5C11 /* Build configuration list for PBXNativeTarget "BrastlewarkUITests" */ = {
			isa = XCConfigurationList;
			buildConfigurations = (
				7E0272B82858CB00005D5C11 /* Debug */,
				7E0272B92858CB00005D5C11 /* Release */,
			);
			defaultConfigurationIsVisible = 0;
			defaultConfigurationName = Release;
		};
/* End XCConfigurationList section */
	};
	rootObject = 7E0272852858CAFE005D5C11 /* Project object */;
}
